
Microsoft Visual Studio Solution File, Format Version 12.00
# Visual Studio Version 17
VisualStudioVersion = 17.6.33723.286
MinimumVisualStudioVersion = 10.0.40219.1
Project("{9A19103F-16F7-4668-BE54-9A1E7A4F7556}") = "TradeApp", "TradeApp\TradeApp.csproj", "{1B077CFA-57C8-462A-A140-BBF698A88151}"
	ProjectSection(ProjectDependencies) = postProject
		{94EE30D5-8C1E-4CF8-A092-2C52E823F0AD} = {94EE30D5-8C1E-4CF8-A092-2C52E823F0AD}
	EndProjectSection
EndProject
Project("{9A19103F-16F7-4668-BE54-9A1E7A4F7556}") = "TradePort", "TradePort\TradePort.csproj", "{F88F2718-9AEA-4DBE-AEA0-8606EC40C4FF}"
	ProjectSection(ProjectDependencies) = postProject
		{94EE30D5-8C1E-4CF8-A092-2C52E823F0AD} = {94EE30D5-8C1E-4CF8-A092-2C52E823F0AD}
	EndProjectSection
EndProject
Project("{9A19103F-16F7-4668-BE54-9A1E7A4F7556}") = "TradeDataCore", "TradeDataCore\TradeDataCore.csproj", "{114DCA9D-D9E0-40F2-8724-A703AD8B0333}"
EndProject
Project("{9A19103F-16F7-4668-BE54-9A1E7A4F7556}") = "TradeLogicCore", "TradeLogicCore\TradeLogicCore.csproj", "{EB033991-D3C2-4576-9287-CE8038A15282}"
	ProjectSection(ProjectDependencies) = postProject
		{94EE30D5-8C1E-4CF8-A092-2C52E823F0AD} = {94EE30D5-8C1E-4CF8-A092-2C52E823F0AD}
	EndProjectSection
EndProject
Project("{9A19103F-16F7-4668-BE54-9A1E7A4F7556}") = "TradeCommon", "TradeCommon\TradeCommon.csproj", "{94EE30D5-8C1E-4CF8-A092-2C52E823F0AD}"
EndProject
Project("{9A19103F-16F7-4668-BE54-9A1E7A4F7556}") = "TradeCommon.Tests", "TradeCommon.Tests\TradeCommon.Tests.csproj", "{61A61B08-156E-40DA-9F31-B4B24A5856BD}"
EndProject
Project("{2150E333-8FDC-42A3-9474-1A3956D46DE8}") = "Tests", "Tests", "{5638F6DF-53E4-475D-86C7-738CACD1C5FE}"
EndProject
Project("{2150E333-8FDC-42A3-9474-1A3956D46DE8}") = "UI", "UI", "{0750EA06-2FD4-4907-907B-3FFA32D77F12}"
EndProject
Project("{9A19103F-16F7-4668-BE54-9A1E7A4F7556}") = "TradeLogicCore.Tests", "TradeLogicCore.Tests\TradeLogicCore.Tests.csproj", "{A95F5743-1CC4-440B-9E2A-1E8CDDA9C5A2}"
EndProject
Project("{9A19103F-16F7-4668-BE54-9A1E7A4F7556}") = "TradeConnectivity.Binance", "TradeConnectivity.Binance\TradeConnectivity.Binance.csproj", "{BB375E5E-4476-40F0-A34B-0E151D04DA9C}"
EndProject
Project("{2150E333-8FDC-42A3-9474-1A3956D46DE8}") = "Connectivity", "Connectivity", "{4B23263B-215B-4182-8F3B-EA2AC193BE78}"
EndProject
Project("{9A19103F-16F7-4668-BE54-9A1E7A4F7556}") = "TradeConnectivity.Futu", "TradeConnectivity.Futu\TradeConnectivity.Futu.csproj", "{5A8FAA5F-45DA-4DC0-B715-117433D14E60}"
EndProject
Project("{9A19103F-16F7-4668-BE54-9A1E7A4F7556}") = "TradeConnectivity.CryptoSimulator", "TradeConnectivity.CryptoSimulator\TradeConnectivity.CryptoSimulator.csproj", "{611A5F43-39BE-496D-8040-DEEFC72A6E97}"
EndProject
Global
	GlobalSection(SolutionConfigurationPlatforms) = preSolution
		Debug|Any CPU = Debug|Any CPU
		Debug|x64 = Debug|x64
		Release|Any CPU = Release|Any CPU
		Release|x64 = Release|x64
	EndGlobalSection
	GlobalSection(ProjectConfigurationPlatforms) = postSolution
		{1B077CFA-57C8-462A-A140-BBF698A88151}.Debug|Any CPU.ActiveCfg = Debug|Any CPU
		{1B077CFA-57C8-462A-A140-BBF698A88151}.Debug|Any CPU.Build.0 = Debug|Any CPU
		{1B077CFA-57C8-462A-A140-BBF698A88151}.Debug|x64.ActiveCfg = Debug|x64
		{1B077CFA-57C8-462A-A140-BBF698A88151}.Debug|x64.Build.0 = Debug|x64
		{1B077CFA-57C8-462A-A140-BBF698A88151}.Release|Any CPU.ActiveCfg = Release|Any CPU
		{1B077CFA-57C8-462A-A140-BBF698A88151}.Release|Any CPU.Build.0 = Release|Any CPU
		{1B077CFA-57C8-462A-A140-BBF698A88151}.Release|x64.ActiveCfg = Release|x64
		{1B077CFA-57C8-462A-A140-BBF698A88151}.Release|x64.Build.0 = Release|x64
		{F88F2718-9AEA-4DBE-AEA0-8606EC40C4FF}.Debug|Any CPU.ActiveCfg = Debug|Any CPU
		{F88F2718-9AEA-4DBE-AEA0-8606EC40C4FF}.Debug|Any CPU.Build.0 = Debug|Any CPU
		{F88F2718-9AEA-4DBE-AEA0-8606EC40C4FF}.Debug|x64.ActiveCfg = Debug|Any CPU
		{F88F2718-9AEA-4DBE-AEA0-8606EC40C4FF}.Debug|x64.Build.0 = Debug|Any CPU
		{F88F2718-9AEA-4DBE-AEA0-8606EC40C4FF}.Release|Any CPU.ActiveCfg = Release|Any CPU
		{F88F2718-9AEA-4DBE-AEA0-8606EC40C4FF}.Release|Any CPU.Build.0 = Release|Any CPU
		{F88F2718-9AEA-4DBE-AEA0-8606EC40C4FF}.Release|x64.ActiveCfg = Release|Any CPU
		{F88F2718-9AEA-4DBE-AEA0-8606EC40C4FF}.Release|x64.Build.0 = Release|Any CPU
		{114DCA9D-D9E0-40F2-8724-A703AD8B0333}.Debug|Any CPU.ActiveCfg = Debug|Any CPU
		{114DCA9D-D9E0-40F2-8724-A703AD8B0333}.Debug|Any CPU.Build.0 = Debug|Any CPU
		{114DCA9D-D9E0-40F2-8724-A703AD8B0333}.Debug|x64.ActiveCfg = Debug|Any CPU
		{114DCA9D-D9E0-40F2-8724-A703AD8B0333}.Debug|x64.Build.0 = Debug|Any CPU
		{114DCA9D-D9E0-40F2-8724-A703AD8B0333}.Release|Any CPU.ActiveCfg = Release|Any CPU
		{114DCA9D-D9E0-40F2-8724-A703AD8B0333}.Release|Any CPU.Build.0 = Release|Any CPU
		{114DCA9D-D9E0-40F2-8724-A703AD8B0333}.Release|x64.ActiveCfg = Release|Any CPU
		{114DCA9D-D9E0-40F2-8724-A703AD8B0333}.Release|x64.Build.0 = Release|Any CPU
		{EB033991-D3C2-4576-9287-CE8038A15282}.Debug|Any CPU.ActiveCfg = Debug|Any CPU
		{EB033991-D3C2-4576-9287-CE8038A15282}.Debug|Any CPU.Build.0 = Debug|Any CPU
		{EB033991-D3C2-4576-9287-CE8038A15282}.Debug|x64.ActiveCfg = Debug|Any CPU
		{EB033991-D3C2-4576-9287-CE8038A15282}.Debug|x64.Build.0 = Debug|Any CPU
		{EB033991-D3C2-4576-9287-CE8038A15282}.Release|Any CPU.ActiveCfg = Release|Any CPU
		{EB033991-D3C2-4576-9287-CE8038A15282}.Release|Any CPU.Build.0 = Release|Any CPU
		{EB033991-D3C2-4576-9287-CE8038A15282}.Release|x64.ActiveCfg = Release|Any CPU
		{EB033991-D3C2-4576-9287-CE8038A15282}.Release|x64.Build.0 = Release|Any CPU
		{94EE30D5-8C1E-4CF8-A092-2C52E823F0AD}.Debug|Any CPU.ActiveCfg = Debug|Any CPU
		{94EE30D5-8C1E-4CF8-A092-2C52E823F0AD}.Debug|Any CPU.Build.0 = Debug|Any CPU
		{94EE30D5-8C1E-4CF8-A092-2C52E823F0AD}.Debug|x64.ActiveCfg = Debug|Any CPU
		{94EE30D5-8C1E-4CF8-A092-2C52E823F0AD}.Debug|x64.Build.0 = Debug|Any CPU
		{94EE30D5-8C1E-4CF8-A092-2C52E823F0AD}.Release|Any CPU.ActiveCfg = Release|Any CPU
		{94EE30D5-8C1E-4CF8-A092-2C52E823F0AD}.Release|Any CPU.Build.0 = Release|Any CPU
		{94EE30D5-8C1E-4CF8-A092-2C52E823F0AD}.Release|x64.ActiveCfg = Release|Any CPU
		{94EE30D5-8C1E-4CF8-A092-2C52E823F0AD}.Release|x64.Build.0 = Release|Any CPU
		{61A61B08-156E-40DA-9F31-B4B24A5856BD}.Debug|Any CPU.ActiveCfg = Debug|Any CPU
		{61A61B08-156E-40DA-9F31-B4B24A5856BD}.Debug|Any CPU.Build.0 = Debug|Any CPU
		{61A61B08-156E-40DA-9F31-B4B24A5856BD}.Debug|x64.ActiveCfg = Debug|Any CPU
		{61A61B08-156E-40DA-9F31-B4B24A5856BD}.Debug|x64.Build.0 = Debug|Any CPU
		{61A61B08-156E-40DA-9F31-B4B24A5856BD}.Release|Any CPU.ActiveCfg = Release|Any CPU
		{61A61B08-156E-40DA-9F31-B4B24A5856BD}.Release|Any CPU.Build.0 = Release|Any CPU
		{61A61B08-156E-40DA-9F31-B4B24A5856BD}.Release|x64.ActiveCfg = Release|Any CPU
		{61A61B08-156E-40DA-9F31-B4B24A5856BD}.Release|x64.Build.0 = Release|Any CPU
		{A95F5743-1CC4-440B-9E2A-1E8CDDA9C5A2}.Debug|Any CPU.ActiveCfg = Debug|Any CPU
		{A95F5743-1CC4-440B-9E2A-1E8CDDA9C5A2}.Debug|Any CPU.Build.0 = Debug|Any CPU
		{A95F5743-1CC4-440B-9E2A-1E8CDDA9C5A2}.Debug|x64.ActiveCfg = Debug|Any CPU
		{A95F5743-1CC4-440B-9E2A-1E8CDDA9C5A2}.Debug|x64.Build.0 = Debug|Any CPU
		{A95F5743-1CC4-440B-9E2A-1E8CDDA9C5A2}.Release|Any CPU.ActiveCfg = Release|Any CPU
		{A95F5743-1CC4-440B-9E2A-1E8CDDA9C5A2}.Release|Any CPU.Build.0 = Release|Any CPU
		{A95F5743-1CC4-440B-9E2A-1E8CDDA9C5A2}.Release|x64.ActiveCfg = Release|Any CPU
		{A95F5743-1CC4-440B-9E2A-1E8CDDA9C5A2}.Release|x64.Build.0 = Release|Any CPU
		{BB375E5E-4476-40F0-A34B-0E151D04DA9C}.Debug|Any CPU.ActiveCfg = Debug|Any CPU
		{BB375E5E-4476-40F0-A34B-0E151D04DA9C}.Debug|Any CPU.Build.0 = Debug|Any CPU
		{BB375E5E-4476-40F0-A34B-0E151D04DA9C}.Debug|x64.ActiveCfg = Debug|Any CPU
		{BB375E5E-4476-40F0-A34B-0E151D04DA9C}.Debug|x64.Build.0 = Debug|Any CPU
		{BB375E5E-4476-40F0-A34B-0E151D04DA9C}.Release|Any CPU.ActiveCfg = Release|Any CPU
		{BB375E5E-4476-40F0-A34B-0E151D04DA9C}.Release|Any CPU.Build.0 = Release|Any CPU
		{BB375E5E-4476-40F0-A34B-0E151D04DA9C}.Release|x64.ActiveCfg = Release|Any CPU
		{BB375E5E-4476-40F0-A34B-0E151D04DA9C}.Release|x64.Build.0 = Release|Any CPU
		{5A8FAA5F-45DA-4DC0-B715-117433D14E60}.Debug|Any CPU.ActiveCfg = Debug|Any CPU
		{5A8FAA5F-45DA-4DC0-B715-117433D14E60}.Debug|Any CPU.Build.0 = Debug|Any CPU
		{5A8FAA5F-45DA-4DC0-B715-117433D14E60}.Debug|x64.ActiveCfg = Debug|Any CPU
		{5A8FAA5F-45DA-4DC0-B715-117433D14E60}.Debug|x64.Build.0 = Debug|Any CPU
		{5A8FAA5F-45DA-4DC0-B715-117433D14E60}.Release|Any CPU.ActiveCfg = Release|Any CPU
		{5A8FAA5F-45DA-4DC0-B715-117433D14E60}.Release|Any CPU.Build.0 = Release|Any CPU
		{5A8FAA5F-45DA-4DC0-B715-117433D14E60}.Release|x64.ActiveCfg = Release|Any CPU
		{5A8FAA5F-45DA-4DC0-B715-117433D14E60}.Release|x64.Build.0 = Release|Any CPU
		{611A5F43-39BE-496D-8040-DEEFC72A6E97}.Debug|Any CPU.ActiveCfg = Debug|Any CPU
		{611A5F43-39BE-496D-8040-DEEFC72A6E97}.Debug|Any CPU.Build.0 = Debug|Any CPU
		{611A5F43-39BE-496D-8040-DEEFC72A6E97}.Debug|x64.ActiveCfg = Debug|Any CPU
		{611A5F43-39BE-496D-8040-DEEFC72A6E97}.Debug|x64.Build.0 = Debug|Any CPU
		{611A5F43-39BE-496D-8040-DEEFC72A6E97}.Release|Any CPU.ActiveCfg = Release|Any CPU
		{611A5F43-39BE-496D-8040-DEEFC72A6E97}.Release|Any CPU.Build.0 = Release|Any CPU
		{611A5F43-39BE-496D-8040-DEEFC72A6E97}.Release|x64.ActiveCfg = Release|Any CPU
		{611A5F43-39BE-496D-8040-DEEFC72A6E97}.Release|x64.Build.0 = Release|Any CPU
	EndGlobalSection
	GlobalSection(SolutionProperties) = preSolution
		HideSolutionNode = FALSE
	EndGlobalSection
	GlobalSection(NestedProjects) = preSolution
		{1B077CFA-57C8-462A-A140-BBF698A88151} = {0750EA06-2FD4-4907-907B-3FFA32D77F12}
		{F88F2718-9AEA-4DBE-AEA0-8606EC40C4FF} = {0750EA06-2FD4-4907-907B-3FFA32D77F12}
		{61A61B08-156E-40DA-9F31-B4B24A5856BD} = {5638F6DF-53E4-475D-86C7-738CACD1C5FE}
		{A95F5743-1CC4-440B-9E2A-1E8CDDA9C5A2} = {5638F6DF-53E4-475D-86C7-738CACD1C5FE}
		{BB375E5E-4476-40F0-A34B-0E151D04DA9C} = {4B23263B-215B-4182-8F3B-EA2AC193BE78}
		{5A8FAA5F-45DA-4DC0-B715-117433D14E60} = {4B23263B-215B-4182-8F3B-EA2AC193BE78}
		{611A5F43-39BE-496D-8040-DEEFC72A6E97} = {4B23263B-215B-4182-8F3B-EA2AC193BE78}
	EndGlobalSection
	GlobalSection(ExtensibilityGlobals) = postSolution
		SolutionGuid = {45C20B05-82D6-4965-B5F3-638E9920BA43}
	EndGlobalSection
EndGlobal
