
Microsoft Visual Studio Solution File, Format Version 12.00
# Visual Studio Version 17
VisualStudioVersion = 17.6.33723.286
MinimumVisualStudioVersion = 10.0.40219.1
Project("{9A19103F-16F7-4668-BE54-9A1E7A4F7556}") = "TradeApp", "TradeApp\TradeApp.csproj", "{1B077CFA-57C8-462A-A140-BBF698A88151}"
	ProjectSection(ProjectDependencies) = postProject
		{94EE30D5-8C1E-4CF8-A092-2C52E823F0AD} = {94EE30D5-8C1E-4CF8-A092-2C52E823F0AD}
	EndProjectSection
EndProject
Project("{9A19103F-16F7-4668-BE54-9A1E7A4F7556}") = "TradePort", "TradePort\TradePort.csproj", "{F88F2718-9AEA-4DBE-AEA0-8606EC40C4FF}"
	ProjectSection(ProjectDependencies) = postProject
		{94EE30D5-8C1E-4CF8-A092-2C52E823F0AD} = {94EE30D5-8C1E-4CF8-A092-2C52E823F0AD}
	EndProjectSection
EndProject
Project("{9A19103F-16F7-4668-BE54-9A1E7A4F7556}") = "TradeDataCore", "TradeDataCore\TradeDataCore.csproj", "{114DCA9D-D9E0-40F2-8724-A703AD8B0333}"
EndProject
Project("{9A19103F-16F7-4668-BE54-9A1E7A4F7556}") = "TradeLogicCore", "TradeLogicCore\TradeLogicCore.csproj", "{EB033991-D3C2-4576-9287-CE8038A15282}"
	ProjectSection(ProjectDependencies) = postProject
		{94EE30D5-8C1E-4CF8-A092-2C52E823F0AD} = {94EE30D5-8C1E-4CF8-A092-2C52E823F0AD}
	EndProjectSection
EndProject
Project("{FAE04EC0-301F-11D3-BF4B-00C04F79EFBC}") = "TradeCommon", "TradeCommon\TradeCommon.csproj", "{94EE30D5-8C1E-4CF8-A092-2C52E823F0AD}"
EndProject
Global
	GlobalSection(SolutionConfigurationPlatforms) = preSolution
		Debug|Any CPU = Debug|Any CPU
		Debug|x64 = Debug|x64
		Release|Any CPU = Release|Any CPU
		Release|x64 = Release|x64
	EndGlobalSection
	GlobalSection(ProjectConfigurationPlatforms) = postSolution
		{1B077CFA-57C8-462A-A140-BBF698A88151}.Debug|Any CPU.ActiveCfg = Debug|Any CPU
		{1B077CFA-57C8-462A-A140-BBF698A88151}.Debug|Any CPU.Build.0 = Debug|Any CPU
		{1B077CFA-57C8-462A-A140-BBF698A88151}.Debug|x64.ActiveCfg = Debug|x64
		{1B077CFA-57C8-462A-A140-BBF698A88151}.Debug|x64.Build.0 = Debug|x64
		{1B077CFA-57C8-462A-A140-BBF698A88151}.Release|Any CPU.ActiveCfg = Release|Any CPU
		{1B077CFA-57C8-462A-A140-BBF698A88151}.Release|Any CPU.Build.0 = Release|Any CPU
		{1B077CFA-57C8-462A-A140-BBF698A88151}.Release|x64.ActiveCfg = Release|x64
		{1B077CFA-57C8-462A-A140-BBF698A88151}.Release|x64.Build.0 = Release|x64
		{F88F2718-9AEA-4DBE-AEA0-8606EC40C4FF}.Debug|Any CPU.ActiveCfg = Debug|Any CPU
		{F88F2718-9AEA-4DBE-AEA0-8606EC40C4FF}.Debug|Any CPU.Build.0 = Debug|Any CPU
		{F88F2718-9AEA-4DBE-AEA0-8606EC40C4FF}.Debug|x64.ActiveCfg = Debug|Any CPU
		{F88F2718-9AEA-4DBE-AEA0-8606EC40C4FF}.Debug|x64.Build.0 = Debug|Any CPU
		{F88F2718-9AEA-4DBE-AEA0-8606EC40C4FF}.Release|Any CPU.ActiveCfg = Release|Any CPU
		{F88F2718-9AEA-4DBE-AEA0-8606EC40C4FF}.Release|Any CPU.Build.0 = Release|Any CPU
		{F88F2718-9AEA-4DBE-AEA0-8606EC40C4FF}.Release|x64.ActiveCfg = Release|Any CPU
		{F88F2718-9AEA-4DBE-AEA0-8606EC40C4FF}.Release|x64.Build.0 = Release|Any CPU
		{114DCA9D-D9E0-40F2-8724-A703AD8B0333}.Debug|Any CPU.ActiveCfg = Debug|Any CPU
		{114DCA9D-D9E0-40F2-8724-A703AD8B0333}.Debug|Any CPU.Build.0 = Debug|Any CPU
		{114DCA9D-D9E0-40F2-8724-A703AD8B0333}.Debug|x64.ActiveCfg = Debug|Any CPU
		{114DCA9D-D9E0-40F2-8724-A703AD8B0333}.Debug|x64.Build.0 = Debug|Any CPU
		{114DCA9D-D9E0-40F2-8724-A703AD8B0333}.Release|Any CPU.ActiveCfg = Release|Any CPU
		{114DCA9D-D9E0-40F2-8724-A703AD8B0333}.Release|Any CPU.Build.0 = Release|Any CPU
		{114DCA9D-D9E0-40F2-8724-A703AD8B0333}.Release|x64.ActiveCfg = Release|Any CPU
		{114DCA9D-D9E0-40F2-8724-A703AD8B0333}.Release|x64.Build.0 = Release|Any CPU
		{EB033991-D3C2-4576-9287-CE8038A15282}.Debug|Any CPU.ActiveCfg = Debug|Any CPU
		{EB033991-D3C2-4576-9287-CE8038A15282}.Debug|Any CPU.Build.0 = Debug|Any CPU
		{EB033991-D3C2-4576-9287-CE8038A15282}.Debug|x64.ActiveCfg = Debug|Any CPU
		{EB033991-D3C2-4576-9287-CE8038A15282}.Debug|x64.Build.0 = Debug|Any CPU
		{EB033991-D3C2-4576-9287-CE8038A15282}.Release|Any CPU.ActiveCfg = Release|Any CPU
		{EB033991-D3C2-4576-9287-CE8038A15282}.Release|Any CPU.Build.0 = Release|Any CPU
		{EB033991-D3C2-4576-9287-CE8038A15282}.Release|x64.ActiveCfg = Release|Any CPU
		{EB033991-D3C2-4576-9287-CE8038A15282}.Release|x64.Build.0 = Release|Any CPU
		{94EE30D5-8C1E-4CF8-A092-2C52E823F0AD}.Debug|Any CPU.ActiveCfg = Debug|Any CPU
		{94EE30D5-8C1E-4CF8-A092-2C52E823F0AD}.Debug|Any CPU.Build.0 = Debug|Any CPU
		{94EE30D5-8C1E-4CF8-A092-2C52E823F0AD}.Debug|x64.ActiveCfg = Debug|Any CPU
		{94EE30D5-8C1E-4CF8-A092-2C52E823F0AD}.Debug|x64.Build.0 = Debug|Any CPU
		{94EE30D5-8C1E-4CF8-A092-2C52E823F0AD}.Release|Any CPU.ActiveCfg = Release|Any CPU
		{94EE30D5-8C1E-4CF8-A092-2C52E823F0AD}.Release|Any CPU.Build.0 = Release|Any CPU
		{94EE30D5-8C1E-4CF8-A092-2C52E823F0AD}.Release|x64.ActiveCfg = Release|Any CPU
		{94EE30D5-8C1E-4CF8-A092-2C52E823F0AD}.Release|x64.Build.0 = Release|Any CPU
	EndGlobalSection
	GlobalSection(SolutionProperties) = preSolution
		HideSolutionNode = FALSE
	EndGlobalSection
	GlobalSection(ExtensibilityGlobals) = postSolution
		SolutionGuid = {45C20B05-82D6-4965-B5F3-638E9920BA43}
	EndGlobalSection
EndGlobal
